git.ignitelabs.net/janos/core v0.0.48 h1:t19wRHo157RRuhSr29pLIGHIn1JYyfGMCFkBY0i+npI=
git.ignitelabs.net/janos/core v0.0.48/go.mod h1:v7h2thP1BUesnYFvE9PMk3ZjeVQwnfrIFzPpyjmdS00=
git.ignitelabs.net/janos/core v0.0.49 h1:UdrSh0R21pOiTSM5LIQB3rzjo22BvyICNPMG7GPM5ME=
git.ignitelabs.net/janos/core v0.0.49/go.mod h1:v7h2thP1BUesnYFvE9PMk3ZjeVQwnfrIFzPpyjmdS00=
